
Microsoft Visual Studio Solution File, Format Version 12.00
# Visual Studio 14
VisualStudioVersion = 14.0.22310.1
MinimumVisualStudioVersion = 10.0.40219.1
Project("{2150E333-8FDC-42A3-9474-1A3956D46DE8}") = "Engine", "Engine", "{402B5FCE-138D-43E7-AEF0-51AE2EB3991D}"
EndProject
Project("{2150E333-8FDC-42A3-9474-1A3956D46DE8}") = "Enterprise", "Enterprise", "{D413B3DD-3142-412B-9F04-B1B8E8F7C6D3}"
EndProject
Project("{2150E333-8FDC-42A3-9474-1A3956D46DE8}") = "Games", "Games", "{30C8183A-AD7A-46BB-A908-71ECD8D2C84D}"
EndProject
Project("{8BC9CEB8-8B4A-11D0-8D11-00A0C91BC942}") = "UE4", "Intermediate\ProjectFiles\UE4.vcxproj", "{F24E8C44-9094-46EA-A041-4FB9948B81FD}"
EndProject
Project("{8BC9CEB8-8B4A-11D0-8D11-00A0C91BC942}") = "Studio", "Intermediate\ProjectFiles\Studio.vcxproj", "{4685597A-6F00-4DF9-9273-A24CAA13D1C2}"
EndProject
Project("{8BC9CEB8-8B4A-11D0-8D11-00A0C91BC942}") = "POFTestSpace", "Intermediate\ProjectFiles\POFTestSpace.vcxproj", "{D129EEF6-EE57-4D81-916D-7AC113D15DAA}"
EndProject
Project("{2150E333-8FDC-42A3-9474-1A3956D46DE8}") = "Visualizers", "Visualizers", "{50894EC3-8893-4DC3-9E39-5083E634B465}"
	ProjectSection(SolutionItems) = preProject
		..\..\..\..\Program Files\Epic Games\UE_4.22\Engine\Extras\VisualStudioDebugging\UE4.natvis = ..\..\..\..\Program Files\Epic Games\UE_4.22\Engine\Extras\VisualStudioDebugging\UE4.natvis
	EndProjectSection
EndProject
Global
	GlobalSection(SolutionConfigurationPlatforms) = preSolution
		DebugGame Editor|HTML5 = DebugGame Editor|HTML5
		DebugGame Editor|Win32 = DebugGame Editor|Win32
		DebugGame Editor|Win64 = DebugGame Editor|Win64
		DebugGame|HTML5 = DebugGame|HTML5
		DebugGame|Win32 = DebugGame|Win32
		DebugGame|Win64 = DebugGame|Win64
		Development Editor|HTML5 = Development Editor|HTML5
		Development Editor|Win32 = Development Editor|Win32
		Development Editor|Win64 = Development Editor|Win64
		Development|HTML5 = Development|HTML5
		Development|Win32 = Development|Win32
		Development|Win64 = Development|Win64
		Shipping|HTML5 = Shipping|HTML5
		Shipping|Win32 = Shipping|Win32
		Shipping|Win64 = Shipping|Win64
	EndGlobalSection
	GlobalSection(ProjectConfigurationPlatforms) = postSolution
		{F24E8C44-9094-46EA-A041-4FB9948B81FD}.DebugGame Editor|HTML5.ActiveCfg = BuiltWithUnrealBuildTool|Win32
		{F24E8C44-9094-46EA-A041-4FB9948B81FD}.DebugGame Editor|Win32.ActiveCfg = BuiltWithUnrealBuildTool|Win32
		{F24E8C44-9094-46EA-A041-4FB9948B81FD}.DebugGame Editor|Win64.ActiveCfg = BuiltWithUnrealBuildTool|Win32
		{F24E8C44-9094-46EA-A041-4FB9948B81FD}.DebugGame|HTML5.ActiveCfg = BuiltWithUnrealBuildTool|Win32
		{F24E8C44-9094-46EA-A041-4FB9948B81FD}.DebugGame|Win32.ActiveCfg = BuiltWithUnrealBuildTool|Win32
		{F24E8C44-9094-46EA-A041-4FB9948B81FD}.DebugGame|Win64.ActiveCfg = BuiltWithUnrealBuildTool|Win32
		{F24E8C44-9094-46EA-A041-4FB9948B81FD}.Development Editor|HTML5.ActiveCfg = BuiltWithUnrealBuildTool|Win32
		{F24E8C44-9094-46EA-A041-4FB9948B81FD}.Development Editor|Win32.ActiveCfg = BuiltWithUnrealBuildTool|Win32
		{F24E8C44-9094-46EA-A041-4FB9948B81FD}.Development Editor|Win64.ActiveCfg = BuiltWithUnrealBuildTool|Win32
		{F24E8C44-9094-46EA-A041-4FB9948B81FD}.Development|HTML5.ActiveCfg = BuiltWithUnrealBuildTool|Win32
		{F24E8C44-9094-46EA-A041-4FB9948B81FD}.Development|Win32.ActiveCfg = BuiltWithUnrealBuildTool|Win32
		{F24E8C44-9094-46EA-A041-4FB9948B81FD}.Development|Win64.ActiveCfg = BuiltWithUnrealBuildTool|Win32
		{F24E8C44-9094-46EA-A041-4FB9948B81FD}.Shipping|HTML5.ActiveCfg = BuiltWithUnrealBuildTool|Win32
		{F24E8C44-9094-46EA-A041-4FB9948B81FD}.Shipping|Win32.ActiveCfg = BuiltWithUnrealBuildTool|Win32
		{F24E8C44-9094-46EA-A041-4FB9948B81FD}.Shipping|Win64.ActiveCfg = BuiltWithUnrealBuildTool|Win32
		{4685597A-6F00-4DF9-9273-A24CAA13D1C2}.DebugGame Editor|HTML5.ActiveCfg = BuiltWithUnrealBuildTool|Win32
		{4685597A-6F00-4DF9-9273-A24CAA13D1C2}.DebugGame Editor|Win32.ActiveCfg = BuiltWithUnrealBuildTool|Win32
		{4685597A-6F00-4DF9-9273-A24CAA13D1C2}.DebugGame Editor|Win64.ActiveCfg = BuiltWithUnrealBuildTool|Win32
		{4685597A-6F00-4DF9-9273-A24CAA13D1C2}.DebugGame|HTML5.ActiveCfg = BuiltWithUnrealBuildTool|Win32
		{4685597A-6F00-4DF9-9273-A24CAA13D1C2}.DebugGame|Win32.ActiveCfg = BuiltWithUnrealBuildTool|Win32
		{4685597A-6F00-4DF9-9273-A24CAA13D1C2}.DebugGame|Win64.ActiveCfg = BuiltWithUnrealBuildTool|Win32
		{4685597A-6F00-4DF9-9273-A24CAA13D1C2}.Development Editor|HTML5.ActiveCfg = BuiltWithUnrealBuildTool|Win32
		{4685597A-6F00-4DF9-9273-A24CAA13D1C2}.Development Editor|Win32.ActiveCfg = BuiltWithUnrealBuildTool|Win32
		{4685597A-6F00-4DF9-9273-A24CAA13D1C2}.Development Editor|Win64.ActiveCfg = BuiltWithUnrealBuildTool|Win32
		{4685597A-6F00-4DF9-9273-A24CAA13D1C2}.Development|HTML5.ActiveCfg = BuiltWithUnrealBuildTool|Win32
		{4685597A-6F00-4DF9-9273-A24CAA13D1C2}.Development|Win32.ActiveCfg = BuiltWithUnrealBuildTool|Win32
		{4685597A-6F00-4DF9-9273-A24CAA13D1C2}.Development|Win64.ActiveCfg = BuiltWithUnrealBuildTool|Win32
		{4685597A-6F00-4DF9-9273-A24CAA13D1C2}.Shipping|HTML5.ActiveCfg = BuiltWithUnrealBuildTool|Win32
		{4685597A-6F00-4DF9-9273-A24CAA13D1C2}.Shipping|Win32.ActiveCfg = BuiltWithUnrealBuildTool|Win32
		{4685597A-6F00-4DF9-9273-A24CAA13D1C2}.Shipping|Win64.ActiveCfg = BuiltWithUnrealBuildTool|Win32
		{D129EEF6-EE57-4D81-916D-7AC113D15DAA}.DebugGame Editor|HTML5.ActiveCfg = Invalid|Win32
		{D129EEF6-EE57-4D81-916D-7AC113D15DAA}.DebugGame Editor|Win32.ActiveCfg = Invalid|Win32
		{D129EEF6-EE57-4D81-916D-7AC113D15DAA}.DebugGame Editor|Win64.ActiveCfg = DebugGame_Editor|x64
		{D129EEF6-EE57-4D81-916D-7AC113D15DAA}.DebugGame Editor|Win64.Build.0 = DebugGame_Editor|x64
		{D129EEF6-EE57-4D81-916D-7AC113D15DAA}.DebugGame|HTML5.ActiveCfg = HTML5_DebugGame|Win32
		{D129EEF6-EE57-4D81-916D-7AC113D15DAA}.DebugGame|HTML5.Build.0 = HTML5_DebugGame|Win32
		{D129EEF6-EE57-4D81-916D-7AC113D15DAA}.DebugGame|Win32.ActiveCfg = DebugGame|Win32
		{D129EEF6-EE57-4D81-916D-7AC113D15DAA}.DebugGame|Win32.Build.0 = DebugGame|Win32
		{D129EEF6-EE57-4D81-916D-7AC113D15DAA}.DebugGame|Win64.ActiveCfg = DebugGame|x64
		{D129EEF6-EE57-4D81-916D-7AC113D15DAA}.DebugGame|Win64.Build.0 = DebugGame|x64
		{D129EEF6-EE57-4D81-916D-7AC113D15DAA}.Development Editor|HTML5.ActiveCfg = Invalid|Win32
		{D129EEF6-EE57-4D81-916D-7AC113D15DAA}.Development Editor|Win32.ActiveCfg = Invalid|Win32
		{D129EEF6-EE57-4D81-916D-7AC113D15DAA}.Development Editor|Win64.ActiveCfg = Development_Editor|x64
		{D129EEF6-EE57-4D81-916D-7AC113D15DAA}.Development Editor|Win64.Build.0 = Development_Editor|x64
		{D129EEF6-EE57-4D81-916D-7AC113D15DAA}.Development|HTML5.ActiveCfg = HTML5_Development|Win32
		{D129EEF6-EE57-4D81-916D-7AC113D15DAA}.Development|HTML5.Build.0 = HTML5_Development|Win32
		{D129EEF6-EE57-4D81-916D-7AC113D15DAA}.Development|Win32.ActiveCfg = Development|Win32
		{D129EEF6-EE57-4D81-916D-7AC113D15DAA}.Development|Win32.Build.0 = Development|Win32
		{D129EEF6-EE57-4D81-916D-7AC113D15DAA}.Development|Win64.ActiveCfg = Development|x64
		{D129EEF6-EE57-4D81-916D-7AC113D15DAA}.Development|Win64.Build.0 = Development|x64
		{D129EEF6-EE57-4D81-916D-7AC113D15DAA}.Shipping|HTML5.ActiveCfg = HTML5_Shipping|Win32
		{D129EEF6-EE57-4D81-916D-7AC113D15DAA}.Shipping|HTML5.Build.0 = HTML5_Shipping|Win32
		{D129EEF6-EE57-4D81-916D-7AC113D15DAA}.Shipping|Win32.ActiveCfg = Shipping|Win32
		{D129EEF6-EE57-4D81-916D-7AC113D15DAA}.Shipping|Win32.Build.0 = Shipping|Win32
		{D129EEF6-EE57-4D81-916D-7AC113D15DAA}.Shipping|Win64.ActiveCfg = Shipping|x64
		{D129EEF6-EE57-4D81-916D-7AC113D15DAA}.Shipping|Win64.Build.0 = Shipping|x64
	EndGlobalSection
	GlobalSection(SolutionProperties) = preSolution
		HideSolutionNode = FALSE
	EndGlobalSection
	GlobalSection(NestedProjects) = preSolution
		{F24E8C44-9094-46EA-A041-4FB9948B81FD} = {402B5FCE-138D-43E7-AEF0-51AE2EB3991D}
		{4685597A-6F00-4DF9-9273-A24CAA13D1C2} = {D413B3DD-3142-412B-9F04-B1B8E8F7C6D3}
		{D129EEF6-EE57-4D81-916D-7AC113D15DAA} = {30C8183A-AD7A-46BB-A908-71ECD8D2C84D}
	EndGlobalSection
EndGlobal
